
Microsoft Visual Studio Solution File, Format Version 12.00
# Visual Studio Version 17
VisualStudioVersion = 17.4.33403.182
MinimumVisualStudioVersion = 10.0.40219.1
Project("{FAE04EC0-301F-11D3-BF4B-00C04F79EFBC}") = "ProjectFinal", "ProjectFinal\ProjectFinal.csproj", "{6E5A66A0-1D93-468D-8271-D22385EC78A7}"
EndProject
Global
	GlobalSection(SolutionConfigurationPlatforms) = preSolution
		Debug|Any CPU = Debug|Any CPU
		Release|Any CPU = Release|Any CPU
	EndGlobalSection
	GlobalSection(ProjectConfigurationPlatforms) = postSolution
		{6E5A66A0-1D93-468D-8271-D22385EC78A7}.Debug|Any CPU.ActiveCfg = Debug|Any CPU
		{6E5A66A0-1D93-468D-8271-D22385EC78A7}.Debug|Any CPU.Build.0 = Debug|Any CPU
		{6E5A66A0-1D93-468D-8271-D22385EC78A7}.Release|Any CPU.ActiveCfg = Release|Any CPU
		{6E5A66A0-1D93-468D-8271-D22385EC78A7}.Release|Any CPU.Build.0 = Release|Any CPU
	EndGlobalSection
	GlobalSection(SolutionProperties) = preSolution
		HideSolutionNode = FALSE
	EndGlobalSection
	GlobalSection(ExtensibilityGlobals) = postSolution
		SolutionGuid = {E923C342-166D-40C5-86B6-95BB34E79898}
	EndGlobalSection
EndGlobal
